{
  "name": "qa-automation",
  "version": "1.0.0",
  "lockfileVersion": 3,
  "requires": true,
  "packages": {
    "": {
      "name": "qa-automation",
      "version": "1.0.0",
      "devDependencies": {
        "@cucumber/gherkin-utils": "^12.0.2",
        "@playwright/mcp": "0.0.82"
      }
    },
    "node_modules/@cucumber/gherkin": {
      "version": "42.0.1",
      "resolved": "https://registry.npmjs.org/@cucumber/gherkin/-/gherkin-42.0.1.tgz",
      "integrity": "sha512-Kqg0ULhWqbXp/a1c04ND4sS4KTlIL831tQ0NhZLXWdEhT6LiNsZ5LFRzy/lBy7QQpcKhroKp/i3C2WdEnRBKNg==",
      "dev": true,
      "license": "MIT",
      "dependencies": {
        "@cucumber/messages": ">=34.0.0 <35"
      }
    },
    "node_modules/@cucumber/gherkin-utils": {
      "version": "12.0.2",
      "resolved": "https://registry.npmjs.org/@cucumber/gherkin-utils/-/gherkin-utils-12.0.2.tgz",
      "integrity": "sha512-e678WQqU3zJnZ3GW4D7O4/mrD3vku0iUYJPz7cuLNw3jcK81dvbt5iYa5l3tfT9z2rxE5ObFPUbTkDN7zFwqjw==",
      "dev": true,
      "license": "MIT",
      "dependencies": {
        "@cucumber/gherkin": "^42.0.0",
        "@cucumber/messages": "^34.0.0",
        "@teppeis/multimaps": "3.0.0",
        "commander": "15.0.0",
        "source-map-support": "^0.5.21"
      },
      "bin": {
        "gherkin-utils": "bin/gherkin-utils"
      }
    },
    "node_modules/@cucumber/messages": {
      "version": "34.2.1",
      "resolved": "https://registry.npmjs.org/@cucumber/messages/-/messages-34.2.1.tgz",
      "integrity": "sha512-aj2iCAG9ZOpMVcMxcgShifv5fbR96b7SMgdWcPXXh2QbFp7OEcAnQ5MC5YfWUDSDasmw7FU5NJEsOrXdTQOU1A==",
      "dev": true,
      "license": "MIT"
    },
    "node_modules/@playwright/mcp": {
      "version": "0.0.82",
      "resolved": "https://registry.npmjs.org/@playwright/mcp/-/mcp-0.0.82.tgz",
      "integrity": "sha512-OCqftfb8H4dnqm/njbTBRk3seUvUPttOlJUxCtEzXGETYOlRH5Qt3bbXIjmZIuWAxD9RF+yg1ASrPeXvm0y5cA==",
      "dev": true,
      "license": "Apache-2.0",
      "dependencies": {
        "playwright": "1.64.0-alpha-1789764292000",
        "playwright-core": "1.64.0-alpha-1789764292000"
      },
      "bin": {
        "playwright-mcp": "cli.js"
      },
      "engines": {
        "node": ">=18"
      }
    },
    "node_modules/@teppeis/multimaps": {
      "version": "3.0.0",
      "resolved": "https://registry.npmjs.org/@teppeis/multimaps/-/multimaps-3.0.0.tgz",
      "integrity": "sha512-ID7fosbc50TbT0MK0EG12O+gAP3W3Aa/Pz4DaTtQtEvlc9Odaqi0de+xuZ7Li2GtK4HzEX7IuRWS/JmZLksR3Q==",
      "dev": true,
      "license": "MIT",
      "engines": {
        "node": ">=14"
      }
    },
    "node_modules/buffer-from": {
      "version": "1.1.2",
      "resolved": "https://registry.npmjs.org/buffer-from/-/buffer-from-1.1.2.tgz",
      "integrity": "sha512-E+XQCRwSbaaiChtv6k6Dwgc+bx+Bs6vuKJHHl5kox/BaKbhiXzqQOwK4cO22yElGp2OCmjwVhT3HmxgyPGnJfQ==",
      "dev": true,
      "license": "MIT"
    },
    "node_modules/commander": {
      "version": "15.0.0",
      "resolved": "https://registry.npmjs.org/commander/-/commander-15.0.0.tgz",
      "integrity": "sha512-z67u4ZhzCL/Tydu1lJARtEZYWbWaN7oYLHbsuzocr6y4N6WZAagG3RQ4FW61V1/0+jImpj293XfrcYnd1qxtPg==",
      "dev": true,
      "license": "MIT",
      "engines": {
        "node": ">=22.12.0"
      }
    },
    "node_modules/playwright": {
      "version": "1.64.0-alpha-1789764292000",
      "resolved": "https://registry.npmjs.org/playwright/-/playwright-1.64.0-alpha-1789764292000.tgz",
      "integrity": "sha512-3Ngs4ERGdC912uW3srEDtNVey4u1wSaQ/EFcKhxMpz0by0K6nidaJgM087pLpJc1osytiVnL7ack5gvgPArPNw==",
      "dev": true,
      "license": "Apache-2.0",
      "dependencies": {
        "playwright-core": "1.64.0-alpha-1789764292000"
      },
      "bin": {
        "playwright": "cli.js"
      },
      "engines": {
        "node": ">=20"
      }
    },
    "node_modules/playwright-core": {
      "version": "1.64.0-alpha-1789764292000",
      "resolved": "https://registry.npmjs.org/playwright-core/-/playwright-core-1.64.0-alpha-1789764292000.tgz",
      "integrity": "sha512-ZgRaybFv4rRy7QMGnYprEGFdNJnvapNqcaER2w96bDQA+40BWIle1el1Yh9KHD3E6XYmieMB+r+UxFTCauTGGQ==",
      "dev": true,
      "license": "Apache-2.0",
      "bin": {
        "playwright-core": "cli.js"
      },
      "engines": {
        "node": ">=20"
      }
    },
    "node_modules/source-map": {
      "version": "0.6.1",
      "resolved": "https://registry.npmjs.org/source-map/-/source-map-0.6.1.tgz",
      "integrity": "sha512-UjgapumWlbMhkBgzT7Ykc5YXUT46F0iKu8SGXq0bcwP5dz/h0Plj6enJqjz1Zbq2l5WaqYnrVbwWOWMyF3F47g==",
      "dev": true,
      "license": "BSD-3-Clause",
      "engines": {
        "node": ">=0.10.0"
      }
    },
    "node_modules/source-map-support": {
      "version": "0.5.21",
      "resolved": "https://registry.npmjs.org/source-map-support/-/source-map-support-0.5.21.tgz",
      "integrity": "sha512-uBHU3L3czsIyYXKX88fdrGovxdSCoTGDRZ6SYXtSRxLZUzHg5P/66Ht6uoUlHu9EZod+inXhKo3qQgwXUT/y1w==",
      "dev": true,
      "license": "MIT",
      "dependencies": {
        "buffer-from": "^1.0.0",
        "source-map": "^0.6.0"
      }
    }
  }
}
